
Microsoft Visual Studio Solution File, Format Version 12.00
# Visual Studio Version 16
VisualStudioVersion = 16.0.30114.105
MinimumVisualStudioVersion = 10.0.40219.1
Project("{FAE04EC0-301F-11D3-BF4B-00C04F79EFBC}") = "uav", "uav.bot\uav.csproj", "{8E65E7C3-7AD9-4665-8DA3-163A2428FD8B}"
EndProject
Project("{FAE04EC0-301F-11D3-BF4B-00C04F79EFBC}") = "uav.logic", "uav.logic\uav.logic.csproj", "{C6949260-E588-4A73-B4FB-5C4E2D314907}"
EndProject
Project("{FAE04EC0-301F-11D3-BF4B-00C04F79EFBC}") = "uav.test", "uav.test\uav.test.csproj", "{D3E06BFF-3C2F-44AF-9C97-A326BC153E7E}"
EndProject
Project("{FAE04EC0-301F-11D3-BF4B-00C04F79EFBC}") = "uav.validation", "uav.validation\uav.validation.csproj", "{6EDD2A25-E6A0-4B8D-B786-C17A3D20AA62}"
EndProject
Project("{FAE04EC0-301F-11D3-BF4B-00C04F79EFBC}") = "uav.schedule", "uav.schedule\uav.schedule.csproj", "{E3BA7AD9-21E5-4093-AF4D-63652286033F}"
EndProject
Global
	GlobalSection(SolutionConfigurationPlatforms) = preSolution
		Debug|Any CPU = Debug|Any CPU
		Debug|x64 = Debug|x64
		Debug|x86 = Debug|x86
		Release|Any CPU = Release|Any CPU
		Release|x64 = Release|x64
		Release|x86 = Release|x86
	EndGlobalSection
	GlobalSection(SolutionProperties) = preSolution
		HideSolutionNode = FALSE
	EndGlobalSection
	GlobalSection(ProjectConfigurationPlatforms) = postSolution
		{8E65E7C3-7AD9-4665-8DA3-163A2428FD8B}.Debug|Any CPU.ActiveCfg = Debug|Any CPU
		{8E65E7C3-7AD9-4665-8DA3-163A2428FD8B}.Debug|Any CPU.Build.0 = Debug|Any CPU
		{8E65E7C3-7AD9-4665-8DA3-163A2428FD8B}.Debug|x64.ActiveCfg = Debug|Any CPU
		{8E65E7C3-7AD9-4665-8DA3-163A2428FD8B}.Debug|x64.Build.0 = Debug|Any CPU
		{8E65E7C3-7AD9-4665-8DA3-163A2428FD8B}.Debug|x86.ActiveCfg = Debug|Any CPU
		{8E65E7C3-7AD9-4665-8DA3-163A2428FD8B}.Debug|x86.Build.0 = Debug|Any CPU
		{8E65E7C3-7AD9-4665-8DA3-163A2428FD8B}.Release|Any CPU.ActiveCfg = Release|Any CPU
		{8E65E7C3-7AD9-4665-8DA3-163A2428FD8B}.Release|Any CPU.Build.0 = Release|Any CPU
		{8E65E7C3-7AD9-4665-8DA3-163A2428FD8B}.Release|x64.ActiveCfg = Release|Any CPU
		{8E65E7C3-7AD9-4665-8DA3-163A2428FD8B}.Release|x64.Build.0 = Release|Any CPU
		{8E65E7C3-7AD9-4665-8DA3-163A2428FD8B}.Release|x86.ActiveCfg = Release|Any CPU
		{8E65E7C3-7AD9-4665-8DA3-163A2428FD8B}.Release|x86.Build.0 = Release|Any CPU
		{C6949260-E588-4A73-B4FB-5C4E2D314907}.Debug|Any CPU.ActiveCfg = Debug|Any CPU
		{C6949260-E588-4A73-B4FB-5C4E2D314907}.Debug|Any CPU.Build.0 = Debug|Any CPU
		{C6949260-E588-4A73-B4FB-5C4E2D314907}.Debug|x64.ActiveCfg = Debug|Any CPU
		{C6949260-E588-4A73-B4FB-5C4E2D314907}.Debug|x64.Build.0 = Debug|Any CPU
		{C6949260-E588-4A73-B4FB-5C4E2D314907}.Debug|x86.ActiveCfg = Debug|Any CPU
		{C6949260-E588-4A73-B4FB-5C4E2D314907}.Debug|x86.Build.0 = Debug|Any CPU
		{C6949260-E588-4A73-B4FB-5C4E2D314907}.Release|Any CPU.ActiveCfg = Release|Any CPU
		{C6949260-E588-4A73-B4FB-5C4E2D314907}.Release|Any CPU.Build.0 = Release|Any CPU
		{C6949260-E588-4A73-B4FB-5C4E2D314907}.Release|x64.ActiveCfg = Release|Any CPU
		{C6949260-E588-4A73-B4FB-5C4E2D314907}.Release|x64.Build.0 = Release|Any CPU
		{C6949260-E588-4A73-B4FB-5C4E2D314907}.Release|x86.ActiveCfg = Release|Any CPU
		{C6949260-E588-4A73-B4FB-5C4E2D314907}.Release|x86.Build.0 = Release|Any CPU
		{D3E06BFF-3C2F-44AF-9C97-A326BC153E7E}.Debug|Any CPU.ActiveCfg = Debug|Any CPU
		{D3E06BFF-3C2F-44AF-9C97-A326BC153E7E}.Debug|Any CPU.Build.0 = Debug|Any CPU
		{D3E06BFF-3C2F-44AF-9C97-A326BC153E7E}.Debug|x64.ActiveCfg = Debug|Any CPU
		{D3E06BFF-3C2F-44AF-9C97-A326BC153E7E}.Debug|x64.Build.0 = Debug|Any CPU
		{D3E06BFF-3C2F-44AF-9C97-A326BC153E7E}.Debug|x86.ActiveCfg = Debug|Any CPU
		{D3E06BFF-3C2F-44AF-9C97-A326BC153E7E}.Debug|x86.Build.0 = Debug|Any CPU
		{D3E06BFF-3C2F-44AF-9C97-A326BC153E7E}.Release|Any CPU.ActiveCfg = Release|Any CPU
		{D3E06BFF-3C2F-44AF-9C97-A326BC153E7E}.Release|Any CPU.Build.0 = Release|Any CPU
		{D3E06BFF-3C2F-44AF-9C97-A326BC153E7E}.Release|x64.ActiveCfg = Release|Any CPU
		{D3E06BFF-3C2F-44AF-9C97-A326BC153E7E}.Release|x64.Build.0 = Release|Any CPU
		{D3E06BFF-3C2F-44AF-9C97-A326BC153E7E}.Release|x86.ActiveCfg = Release|Any CPU
		{D3E06BFF-3C2F-44AF-9C97-A326BC153E7E}.Release|x86.Build.0 = Release|Any CPU
		{6EDD2A25-E6A0-4B8D-B786-C17A3D20AA62}.Debug|Any CPU.ActiveCfg = Debug|Any CPU
		{6EDD2A25-E6A0-4B8D-B786-C17A3D20AA62}.Debug|Any CPU.Build.0 = Debug|Any CPU
		{6EDD2A25-E6A0-4B8D-B786-C17A3D20AA62}.Debug|x64.ActiveCfg = Debug|Any CPU
		{6EDD2A25-E6A0-4B8D-B786-C17A3D20AA62}.Debug|x64.Build.0 = Debug|Any CPU
		{6EDD2A25-E6A0-4B8D-B786-C17A3D20AA62}.Debug|x86.ActiveCfg = Debug|Any CPU
		{6EDD2A25-E6A0-4B8D-B786-C17A3D20AA62}.Debug|x86.Build.0 = Debug|Any CPU
		{6EDD2A25-E6A0-4B8D-B786-C17A3D20AA62}.Release|Any CPU.ActiveCfg = Release|Any CPU
		{6EDD2A25-E6A0-4B8D-B786-C17A3D20AA62}.Release|Any CPU.Build.0 = Release|Any CPU
		{6EDD2A25-E6A0-4B8D-B786-C17A3D20AA62}.Release|x64.ActiveCfg = Release|Any CPU
		{6EDD2A25-E6A0-4B8D-B786-C17A3D20AA62}.Release|x64.Build.0 = Release|Any CPU
		{6EDD2A25-E6A0-4B8D-B786-C17A3D20AA62}.Release|x86.ActiveCfg = Release|Any CPU
		{6EDD2A25-E6A0-4B8D-B786-C17A3D20AA62}.Release|x86.Build.0 = Release|Any CPU
		{E3BA7AD9-21E5-4093-AF4D-63652286033F}.Debug|Any CPU.ActiveCfg = Debug|Any CPU
		{E3BA7AD9-21E5-4093-AF4D-63652286033F}.Debug|Any CPU.Build.0 = Debug|Any CPU
		{E3BA7AD9-21E5-4093-AF4D-63652286033F}.Debug|x64.ActiveCfg = Debug|Any CPU
		{E3BA7AD9-21E5-4093-AF4D-63652286033F}.Debug|x64.Build.0 = Debug|Any CPU
		{E3BA7AD9-21E5-4093-AF4D-63652286033F}.Debug|x86.ActiveCfg = Debug|Any CPU
		{E3BA7AD9-21E5-4093-AF4D-63652286033F}.Debug|x86.Build.0 = Debug|Any CPU
		{E3BA7AD9-21E5-4093-AF4D-63652286033F}.Release|Any CPU.ActiveCfg = Release|Any CPU
		{E3BA7AD9-21E5-4093-AF4D-63652286033F}.Release|Any CPU.Build.0 = Release|Any CPU
		{E3BA7AD9-21E5-4093-AF4D-63652286033F}.Release|x64.ActiveCfg = Release|Any CPU
		{E3BA7AD9-21E5-4093-AF4D-63652286033F}.Release|x64.Build.0 = Release|Any CPU
		{E3BA7AD9-21E5-4093-AF4D-63652286033F}.Release|x86.ActiveCfg = Release|Any CPU
		{E3BA7AD9-21E5-4093-AF4D-63652286033F}.Release|x86.Build.0 = Release|Any CPU
	EndGlobalSection
EndGlobal
